
Microsoft Visual Studio Solution File, Format Version 12.00
# Visual Studio 15
VisualStudioVersion = 15.0.27130.2027
MinimumVisualStudioVersion = 10.0.40219.1
Project("{FAE04EC0-301F-11D3-BF4B-00C04F79EFBC}") = "LibraryCatalogue", "LibraryCatalogue\LibraryCatalogue.csproj", "{3DBB35ED-78BE-4C59-A5E9-97A9C9FD15E3}"
EndProject
Global
	GlobalSection(SolutionConfigurationPlatforms) = preSolution
		Debug|Any CPU = Debug|Any CPU
		Release|Any CPU = Release|Any CPU
	EndGlobalSection
	GlobalSection(ProjectConfigurationPlatforms) = postSolution
		{3DBB35ED-78BE-4C59-A5E9-97A9C9FD15E3}.Debug|Any CPU.ActiveCfg = Debug|Any CPU
		{3DBB35ED-78BE-4C59-A5E9-97A9C9FD15E3}.Debug|Any CPU.Build.0 = Debug|Any CPU
		{3DBB35ED-78BE-4C59-A5E9-97A9C9FD15E3}.Release|Any CPU.ActiveCfg = Release|Any CPU
		{3DBB35ED-78BE-4C59-A5E9-97A9C9FD15E3}.Release|Any CPU.Build.0 = Release|Any CPU
	EndGlobalSection
	GlobalSection(SolutionProperties) = preSolution
		HideSolutionNode = FALSE
	EndGlobalSection
	GlobalSection(ExtensibilityGlobals) = postSolution
		SolutionGuid = {177DB621-7AE7-4FC2-BB0E-565C9EE7983F}
	EndGlobalSection
EndGlobal
